
Microsoft Visual Studio Solution File, Format Version 12.00
# Visual Studio Version 16
VisualStudioVersion = 16.0.31515.178
MinimumVisualStudioVersion = 10.0.40219.1
Project("{9A19103F-16F7-4668-BE54-9A1E7A4F7556}") = "MantenedorProductos.LIB", "MantenedorProductos.LIB\MantenedorProductos.LIB.csproj", "{2BFE9A05-321E-45FB-98D3-FB4731345103}"
EndProject
Project("{9A19103F-16F7-4668-BE54-9A1E7A4F7556}") = "MantenedorProductos.API", "MantenedorProductos.API\MantenedorProductos.API.csproj", "{80444EA2-575D-4128-88B2-F1C3902B6837}"
EndProject
Project("{FAE04EC0-301F-11D3-BF4B-00C04F79EFBC}") = "MantenedorProductos.WIN", "MantenedorProductos.WIN\MantenedorProductos.WIN.csproj", "{F332A10E-D4A0-47B3-8445-EDB3B1535DD0}"
EndProject
Global
	GlobalSection(SolutionConfigurationPlatforms) = preSolution
		Debug|Any CPU = Debug|Any CPU
		Release|Any CPU = Release|Any CPU
	EndGlobalSection
	GlobalSection(ProjectConfigurationPlatforms) = postSolution
		{2BFE9A05-321E-45FB-98D3-FB4731345103}.Debug|Any CPU.ActiveCfg = Debug|Any CPU
		{2BFE9A05-321E-45FB-98D3-FB4731345103}.Debug|Any CPU.Build.0 = Debug|Any CPU
		{2BFE9A05-321E-45FB-98D3-FB4731345103}.Release|Any CPU.ActiveCfg = Release|Any CPU
		{2BFE9A05-321E-45FB-98D3-FB4731345103}.Release|Any CPU.Build.0 = Release|Any CPU
		{80444EA2-575D-4128-88B2-F1C3902B6837}.Debug|Any CPU.ActiveCfg = Debug|Any CPU
		{80444EA2-575D-4128-88B2-F1C3902B6837}.Debug|Any CPU.Build.0 = Debug|Any CPU
		{80444EA2-575D-4128-88B2-F1C3902B6837}.Release|Any CPU.ActiveCfg = Release|Any CPU
		{80444EA2-575D-4128-88B2-F1C3902B6837}.Release|Any CPU.Build.0 = Release|Any CPU
		{F332A10E-D4A0-47B3-8445-EDB3B1535DD0}.Debug|Any CPU.ActiveCfg = Debug|Any CPU
		{F332A10E-D4A0-47B3-8445-EDB3B1535DD0}.Debug|Any CPU.Build.0 = Debug|Any CPU
		{F332A10E-D4A0-47B3-8445-EDB3B1535DD0}.Release|Any CPU.ActiveCfg = Release|Any CPU
		{F332A10E-D4A0-47B3-8445-EDB3B1535DD0}.Release|Any CPU.Build.0 = Release|Any CPU
	EndGlobalSection
	GlobalSection(SolutionProperties) = preSolution
		HideSolutionNode = FALSE
	EndGlobalSection
	GlobalSection(ExtensibilityGlobals) = postSolution
		SolutionGuid = {E6CFD963-6A79-4F02-B55A-04322652EC92}
	EndGlobalSection
EndGlobal
